# THIS IS AN AUTOGENERATED FILE. DO NOT EDIT THIS FILE DIRECTLY.
# yarn lockfile v1


"@esbuild/aix-ppc64@0.19.12":
  version "0.19.12"
  resolved "https://registry.yarnpkg.com/@esbuild/aix-ppc64/-/aix-ppc64-0.19.12.tgz#d1bc06aedb6936b3b6d313bf809a5a40387d2b7f"
  integrity sha512-bmoCYyWdEL3wDQIVbcyzRyeKLgk2WtWLTWz1ZIAZF/EGbNOwSA6ew3PftJ1PqMiOOGu0OyFMzG53L0zqIpPeNA==

"@esbuild/android-arm64@0.19.12":
  version "0.19.12"
  resolved "https://registry.yarnpkg.com/@esbuild/android-arm64/-/android-arm64-0.19.12.tgz#7ad65a36cfdb7e0d429c353e00f680d737c2aed4"
  integrity sha512-P0UVNGIienjZv3f5zq0DP3Nt2IE/3plFzuaS96vihvD0Hd6H/q4WXUGpCxD/E8YrSXfNyRPbpTq+T8ZQioSuPA==

"@esbuild/android-arm@0.19.12":
  version "0.19.12"
  resolved "https://registry.yarnpkg.com/@esbuild/android-arm/-/android-arm-0.19.12.tgz#b0c26536f37776162ca8bde25e42040c203f2824"
  integrity sha512-qg/Lj1mu3CdQlDEEiWrlC4eaPZ1KztwGJ9B6J+/6G+/4ewxJg7gqj8eVYWvao1bXrqGiW2rsBZFSX3q2lcW05w==

"@esbuild/android-x64@0.19.12":
  version "0.19.12"
  resolved "https://registry.yarnpkg.com/@esbuild/android-x64/-/android-x64-0.19.12.tgz#cb13e2211282012194d89bf3bfe7721273473b3d"
  integrity sha512-3k7ZoUW6Q6YqhdhIaq/WZ7HwBpnFBlW905Fa4s4qWJyiNOgT1dOqDiVAQFwBH7gBRZr17gLrlFCRzF6jFh7Kew==

"@esbuild/darwin-arm64@0.19.12":
  version "0.19.12"
  resolved "https://registry.yarnpkg.com/@esbuild/darwin-arm64/-/darwin-arm64-0.19.12.tgz#cbee41e988020d4b516e9d9e44dd29200996275e"
  integrity sha512-B6IeSgZgtEzGC42jsI+YYu9Z3HKRxp8ZT3cqhvliEHovq8HSX2YX8lNocDn79gCKJXOSaEot9MVYky7AKjCs8g==

"@esbuild/darwin-x64@0.19.12":
  version "0.19.12"
  resolved "https://registry.yarnpkg.com/@esbuild/darwin-x64/-/darwin-x64-0.19.12.tgz#e37d9633246d52aecf491ee916ece709f9d5f4cd"
  integrity sha512-hKoVkKzFiToTgn+41qGhsUJXFlIjxI/jSYeZf3ugemDYZldIXIxhvwN6erJGlX4t5h417iFuheZ7l+YVn05N3A==

"@esbuild/freebsd-arm64@0.19.12":
  version "0.19.12"
  resolved "https://registry.yarnpkg.com/@esbuild/freebsd-arm64/-/freebsd-arm64-0.19.12.tgz#1ee4d8b682ed363b08af74d1ea2b2b4dbba76487"
  integrity sha512-4aRvFIXmwAcDBw9AueDQ2YnGmz5L6obe5kmPT8Vd+/+x/JMVKCgdcRwH6APrbpNXsPz+K653Qg8HB/oXvXVukA==

"@esbuild/freebsd-x64@0.19.12":
  version "0.19.12"
  resolved "https://registry.yarnpkg.com/@esbuild/freebsd-x64/-/freebsd-x64-0.19.12.tgz#37a693553d42ff77cd7126764b535fb6cc28a11c"
  integrity sha512-EYoXZ4d8xtBoVN7CEwWY2IN4ho76xjYXqSXMNccFSx2lgqOG/1TBPW0yPx1bJZk94qu3tX0fycJeeQsKovA8gg==

"@esbuild/linux-arm64@0.19.12":
  version "0.19.12"
  resolved "https://registry.yarnpkg.com/@esbuild/linux-arm64/-/linux-arm64-0.19.12.tgz#be9b145985ec6c57470e0e051d887b09dddb2d4b"
  integrity sha512-EoTjyYyLuVPfdPLsGVVVC8a0p1BFFvtpQDB/YLEhaXyf/5bczaGeN15QkR+O4S5LeJ92Tqotve7i1jn35qwvdA==

"@esbuild/linux-arm@0.19.12":
  version "0.19.12"
  resolved "https://registry.yarnpkg.com/@esbuild/linux-arm/-/linux-arm-0.19.12.tgz#207ecd982a8db95f7b5279207d0ff2331acf5eef"
  integrity sha512-J5jPms//KhSNv+LO1S1TX1UWp1ucM6N6XuL6ITdKWElCu8wXP72l9MM0zDTzzeikVyqFE6U8YAV9/tFyj0ti+w==

"@esbuild/linux-ia32@0.19.12":
  version "0.19.12"
  resolved "https://registry.yarnpkg.com/@esbuild/linux-ia32/-/linux-ia32-0.19.12.tgz#d0d86b5ca1562523dc284a6723293a52d5860601"
  integrity sha512-Thsa42rrP1+UIGaWz47uydHSBOgTUnwBwNq59khgIwktK6x60Hivfbux9iNR0eHCHzOLjLMLfUMLCypBkZXMHA==

"@esbuild/linux-loong64@0.19.12":
  version "0.19.12"
  resolved "https://registry.yarnpkg.com/@esbuild/linux-loong64/-/linux-loong64-0.19.12.tgz#9a37f87fec4b8408e682b528391fa22afd952299"
  integrity sha512-LiXdXA0s3IqRRjm6rV6XaWATScKAXjI4R4LoDlvO7+yQqFdlr1Bax62sRwkVvRIrwXxvtYEHHI4dm50jAXkuAA==

"@esbuild/linux-mips64el@0.19.12":
  version "0.19.12"
  resolved "https://registry.yarnpkg.com/@esbuild/linux-mips64el/-/linux-mips64el-0.19.12.tgz#4ddebd4e6eeba20b509d8e74c8e30d8ace0b89ec"
  integrity sha512-fEnAuj5VGTanfJ07ff0gOA6IPsvrVHLVb6Lyd1g2/ed67oU1eFzL0r9WL7ZzscD+/N6i3dWumGE1Un4f7Amf+w==

"@esbuild/linux-ppc64@0.19.12":
  version "0.19.12"
  resolved "https://registry.yarnpkg.com/@esbuild/linux-ppc64/-/linux-ppc64-0.19.12.tgz#adb67dadb73656849f63cd522f5ecb351dd8dee8"
  integrity sha512-nYJA2/QPimDQOh1rKWedNOe3Gfc8PabU7HT3iXWtNUbRzXS9+vgB0Fjaqr//XNbd82mCxHzik2qotuI89cfixg==

"@esbuild/linux-riscv64@0.19.12":
  version "0.19.12"
  resolved "https://registry.yarnpkg.com/@esbuild/linux-riscv64/-/linux-riscv64-0.19.12.tgz#11bc0698bf0a2abf8727f1c7ace2112612c15adf"
  integrity sha512-2MueBrlPQCw5dVJJpQdUYgeqIzDQgw3QtiAHUC4RBz9FXPrskyyU3VI1hw7C0BSKB9OduwSJ79FTCqtGMWqJHg==

"@esbuild/linux-s390x@0.19.12":
  version "0.19.12"
  resolved "https://registry.yarnpkg.com/@esbuild/linux-s390x/-/linux-s390x-0.19.12.tgz#e86fb8ffba7c5c92ba91fc3b27ed5a70196c3cc8"
  integrity sha512-+Pil1Nv3Umes4m3AZKqA2anfhJiVmNCYkPchwFJNEJN5QxmTs1uzyy4TvmDrCRNT2ApwSari7ZIgrPeUx4UZDg==

"@esbuild/linux-x64@0.19.12":
  version "0.19.12"
  resolved "https://registry.yarnpkg.com/@esbuild/linux-x64/-/linux-x64-0.19.12.tgz#5f37cfdc705aea687dfe5dfbec086a05acfe9c78"
  integrity sha512-B71g1QpxfwBvNrfyJdVDexenDIt1CiDN1TIXLbhOw0KhJzE78KIFGX6OJ9MrtC0oOqMWf+0xop4qEU8JrJTwCg==

"@esbuild/netbsd-x64@0.19.12":
  version "0.19.12"
  resolved "https://registry.yarnpkg.com/@esbuild/netbsd-x64/-/netbsd-x64-0.19.12.tgz#29da566a75324e0d0dd7e47519ba2f7ef168657b"
  integrity sha512-3ltjQ7n1owJgFbuC61Oj++XhtzmymoCihNFgT84UAmJnxJfm4sYCiSLTXZtE00VWYpPMYc+ZQmB6xbSdVh0JWA==

"@esbuild/openbsd-x64@0.19.12":
  version "0.19.12"
  resolved "https://registry.yarnpkg.com/@esbuild/openbsd-x64/-/openbsd-x64-0.19.12.tgz#306c0acbdb5a99c95be98bdd1d47c916e7dc3ff0"
  integrity sha512-RbrfTB9SWsr0kWmb9srfF+L933uMDdu9BIzdA7os2t0TXhCRjrQyCeOt6wVxr79CKD4c+p+YhCj31HBkYcXebw==

"@esbuild/sunos-x64@0.19.12":
  version "0.19.12"
  resolved "https://registry.yarnpkg.com/@esbuild/sunos-x64/-/sunos-x64-0.19.12.tgz#0933eaab9af8b9b2c930236f62aae3fc593faf30"
  integrity sha512-HKjJwRrW8uWtCQnQOz9qcU3mUZhTUQvi56Q8DPTLLB+DawoiQdjsYq+j+D3s9I8VFtDr+F9CjgXKKC4ss89IeA==

"@esbuild/win32-arm64@0.19.12":
  version "0.19.12"
  resolved "https://registry.yarnpkg.com/@esbuild/win32-arm64/-/win32-arm64-0.19.12.tgz#773bdbaa1971b36db2f6560088639ccd1e6773ae"
  integrity sha512-URgtR1dJnmGvX864pn1B2YUYNzjmXkuJOIqG2HdU62MVS4EHpU2946OZoTMnRUHklGtJdJZ33QfzdjGACXhn1A==

"@esbuild/win32-ia32@0.19.12":
  version "0.19.12"
  resolved "https://registry.yarnpkg.com/@esbuild/win32-ia32/-/win32-ia32-0.19.12.tgz#000516cad06354cc84a73f0943a4aa690ef6fd67"
  integrity sha512-+ZOE6pUkMOJfmxmBZElNOx72NKpIa/HFOMGzu8fqzQJ5kgf6aTGrcJaFsNiVMH4JKpMipyK+7k0n2UXN7a8YKQ==

"@esbuild/win32-x64@0.19.12":
  version "0.19.12"
  resolved "https://registry.yarnpkg.com/@esbuild/win32-x64/-/win32-x64-0.19.12.tgz#c57c8afbb4054a3ab8317591a0b7320360b444ae"
  integrity sha512-T1QyPSDCyMXaO3pzBkF96E8xMkiRYbUEZADd29SyPGabqxMViNoii+NcK7eWJAEoU6RZyEm5lVSIjTmcdoB9HA==

"@rollup/rollup-android-arm-eabi@4.52.3":
  version "4.52.3"
  resolved "https://registry.yarnpkg.com/@rollup/rollup-android-arm-eabi/-/rollup-android-arm-eabi-4.52.3.tgz#7050c2acdc1214a730058e21f613ab0e1fe1ced9"
  integrity sha512-h6cqHGZ6VdnwliFG1NXvMPTy/9PS3h8oLh7ImwR+kl+oYnQizgjxsONmmPSb2C66RksfkfIxEVtDSEcJiO0tqw==

"@rollup/rollup-android-arm64@4.52.3":
  version "4.52.3"
  resolved "https://registry.yarnpkg.com/@rollup/rollup-android-arm64/-/rollup-android-arm64-4.52.3.tgz#3f5b2afbfcbe9021649701cf6ff0d54b1fb7e4a5"
  integrity sha512-wd+u7SLT/u6knklV/ifG7gr5Qy4GUbH2hMWcDauPFJzmCZUAJ8L2bTkVXC2niOIxp8lk3iH/QX8kSrUxVZrOVw==

"@rollup/rollup-darwin-arm64@4.52.3":
  version "4.52.3"
  resolved "https://registry.yarnpkg.com/@rollup/rollup-darwin-arm64/-/rollup-darwin-arm64-4.52.3.tgz#70a1679fb4393ba7bafb730ee56a5278cbcdafb0"
  integrity sha512-lj9ViATR1SsqycwFkJCtYfQTheBdvlWJqzqxwc9f2qrcVrQaF/gCuBRTiTolkRWS6KvNxSk4KHZWG7tDktLgjg==

"@rollup/rollup-darwin-x64@4.52.3":
  version "4.52.3"
  resolved "https://registry.yarnpkg.com/@rollup/rollup-darwin-x64/-/rollup-darwin-x64-4.52.3.tgz#ae75aec88fa72069de9bca3a3ec22bf4e6a962bf"
  integrity sha512-+Dyo7O1KUmIsbzx1l+4V4tvEVnVQqMOIYtrxK7ncLSknl1xnMHLgn7gddJVrYPNZfEB8CIi3hK8gq8bDhb3h5A==

"@rollup/rollup-freebsd-arm64@4.52.3":
  version "4.52.3"
  resolved "https://registry.yarnpkg.com/@rollup/rollup-freebsd-arm64/-/rollup-freebsd-arm64-4.52.3.tgz#8a2bda997faa1d7e335ce1961ce71d1a76ac6288"
  integrity sha512-u9Xg2FavYbD30g3DSfNhxgNrxhi6xVG4Y6i9Ur1C7xUuGDW3banRbXj+qgnIrwRN4KeJ396jchwy9bCIzbyBEQ==

"@rollup/rollup-freebsd-x64@4.52.3":
  version "4.52.3"
  resolved "https://registry.yarnpkg.com/@rollup/rollup-freebsd-x64/-/rollup-freebsd-x64-4.52.3.tgz#fc287bcc39b9a9c0df97336d68fd5f4458f87977"
  integrity sha512-5M8kyi/OX96wtD5qJR89a/3x5x8x5inXBZO04JWhkQb2JWavOWfjgkdvUqibGJeNNaz1/Z1PPza5/tAPXICI6A==

"@rollup/rollup-linux-arm-gnueabihf@4.52.3":
  version "4.52.3"
  resolved "https://registry.yarnpkg.com/@rollup/rollup-linux-arm-gnueabihf/-/rollup-linux-arm-gnueabihf-4.52.3.tgz#5b5a2a55dffaa64d7c7a231e80e491219e33d4f3"
  integrity sha512-IoerZJ4l1wRMopEHRKOO16e04iXRDyZFZnNZKrWeNquh5d6bucjezgd+OxG03mOMTnS1x7hilzb3uURPkJ0OfA==

"@rollup/rollup-linux-arm-musleabihf@4.52.3":
  version "4.52.3"
  resolved "https://registry.yarnpkg.com/@rollup/rollup-linux-arm-musleabihf/-/rollup-linux-arm-musleabihf-4.52.3.tgz#979eab95003c21837ea0fdd8a721aa3e69fa4aa3"
  integrity sha512-ZYdtqgHTDfvrJHSh3W22TvjWxwOgc3ThK/XjgcNGP2DIwFIPeAPNsQxrJO5XqleSlgDux2VAoWQ5iJrtaC1TbA==

"@rollup/rollup-linux-arm64-gnu@4.52.3":
  version "4.52.3"
  resolved "https://registry.yarnpkg.com/@rollup/rollup-linux-arm64-gnu/-/rollup-linux-arm64-gnu-4.52.3.tgz#53b89f1289cbeca5ed9b6ca1602a6fe1a29dd4e2"
  integrity sha512-NcViG7A0YtuFDA6xWSgmFb6iPFzHlf5vcqb2p0lGEbT+gjrEEz8nC/EeDHvx6mnGXnGCC1SeVV+8u+smj0CeGQ==

"@rollup/rollup-linux-arm64-musl@4.52.3":
  version "4.52.3"
  resolved "https://registry.yarnpkg.com/@rollup/rollup-linux-arm64-musl/-/rollup-linux-arm64-musl-4.52.3.tgz#3bbcf5e13c09d0c4c55bd9c75ec6a7aeee56fe28"
  integrity sha512-d3pY7LWno6SYNXRm6Ebsq0DJGoiLXTb83AIPCXl9fmtIQs/rXoS8SJxxUNtFbJ5MiOvs+7y34np77+9l4nfFMw==

"@rollup/rollup-linux-loong64-gnu@4.52.3":
  version "4.52.3"
  resolved "https://registry.yarnpkg.com/@rollup/rollup-linux-loong64-gnu/-/rollup-linux-loong64-gnu-4.52.3.tgz#1cc71838465a8297f92ccc5cc9c29756b71f6e73"
  integrity sha512-3y5GA0JkBuirLqmjwAKwB0keDlI6JfGYduMlJD/Rl7fvb4Ni8iKdQs1eiunMZJhwDWdCvrcqXRY++VEBbvk6Eg==

"@rollup/rollup-linux-ppc64-gnu@4.52.3":
  version "4.52.3"
  resolved "https://registry.yarnpkg.com/@rollup/rollup-linux-ppc64-gnu/-/rollup-linux-ppc64-gnu-4.52.3.tgz#fe3fdf2ef57dc2d58fedd4f1e0678660772c843a"
  integrity sha512-AUUH65a0p3Q0Yfm5oD2KVgzTKgwPyp9DSXc3UA7DtxhEb/WSPfbG4wqXeSN62OG5gSo18em4xv6dbfcUGXcagw==

"@rollup/rollup-linux-riscv64-gnu@4.52.3":
  version "4.52.3"
  resolved "https://registry.yarnpkg.com/@rollup/rollup-linux-riscv64-gnu/-/rollup-linux-riscv64-gnu-4.52.3.tgz#eebc99e75832891d58532501879ca749b1592f93"
  integrity sha512-1makPhFFVBqZE+XFg3Dkq+IkQ7JvmUrwwqaYBL2CE+ZpxPaqkGaiWFEWVGyvTwZace6WLJHwjVh/+CXbKDGPmg==

"@rollup/rollup-linux-riscv64-musl@4.52.3":
  version "4.52.3"
  resolved "https://registry.yarnpkg.com/@rollup/rollup-linux-riscv64-musl/-/rollup-linux-riscv64-musl-4.52.3.tgz#9a2df234d61763a44601eba17c36844a18f20539"
  integrity sha512-OOFJa28dxfl8kLOPMUOQBCO6z3X2SAfzIE276fwT52uXDWUS178KWq0pL7d6p1kz7pkzA0yQwtqL0dEPoVcRWg==

"@rollup/rollup-linux-s390x-gnu@4.52.3":
  version "4.52.3"
  resolved "https://registry.yarnpkg.com/@rollup/rollup-linux-s390x-gnu/-/rollup-linux-s390x-gnu-4.52.3.tgz#f0e45ea7e41ee473c85458b1ec8fab9572cc1834"
  integrity sha512-jMdsML2VI5l+V7cKfZx3ak+SLlJ8fKvLJ0Eoa4b9/vCUrzXKgoKxvHqvJ/mkWhFiyp88nCkM5S2v6nIwRtPcgg==

"@rollup/rollup-linux-x64-gnu@4.52.3":
  version "4.52.3"
  resolved "https://registry.yarnpkg.com/@rollup/rollup-linux-x64-gnu/-/rollup-linux-x64-gnu-4.52.3.tgz#ed63dec576799fa5571eee5b2040f65faa82b49b"
  integrity sha512-tPgGd6bY2M2LJTA1uGq8fkSPK8ZLYjDjY+ZLK9WHncCnfIz29LIXIqUgzCR0hIefzy6Hpbe8Th5WOSwTM8E7LA==

"@rollup/rollup-linux-x64-musl@4.52.3":
  version "4.52.3"
  resolved "https://registry.yarnpkg.com/@rollup/rollup-linux-x64-musl/-/rollup-linux-x64-musl-4.52.3.tgz#755c56ac79b17fbdf0359bce7e2293a11de30ad0"
  integrity sha512-BCFkJjgk+WFzP+tcSMXq77ymAPIxsX9lFJWs+2JzuZTLtksJ2o5hvgTdIcZ5+oKzUDMwI0PfWzRBYAydAHF2Mw==

"@rollup/rollup-openharmony-arm64@4.52.3":
  version "4.52.3"
  resolved "https://registry.yarnpkg.com/@rollup/rollup-openharmony-arm64/-/rollup-openharmony-arm64-4.52.3.tgz#84b4170fe28c2b41e406add6ccf8513bf91195ea"
  integrity sha512-KTD/EqjZF3yvRaWUJdD1cW+IQBk4fbQaHYJUmP8N4XoKFZilVL8cobFSTDnjTtxWJQ3JYaMgF4nObY/+nYkumA==

"@rollup/rollup-win32-arm64-msvc@4.52.3":
  version "4.52.3"
  resolved "https://registry.yarnpkg.com/@rollup/rollup-win32-arm64-msvc/-/rollup-win32-arm64-msvc-4.52.3.tgz#4fb0cd004183da819bec804eba70f1ef6936ccbf"
  integrity sha512-+zteHZdoUYLkyYKObGHieibUFLbttX2r+58l27XZauq0tcWYYuKUwY2wjeCN9oK1Um2YgH2ibd6cnX/wFD7DuA==

"@rollup/rollup-win32-ia32-msvc@4.52.3":
  version "4.52.3"
  resolved "https://registry.yarnpkg.com/@rollup/rollup-win32-ia32-msvc/-/rollup-win32-ia32-msvc-4.52.3.tgz#1788ba80313477a31e6214390906201604ee38eb"
  integrity sha512-of1iHkTQSo3kr6dTIRX6t81uj/c/b15HXVsPcEElN5sS859qHrOepM5p9G41Hah+CTqSh2r8Bm56dL2z9UQQ7g==

"@rollup/rollup-win32-x64-gnu@4.52.3":
  version "4.52.3"
  resolved "https://registry.yarnpkg.com/@rollup/rollup-win32-x64-gnu/-/rollup-win32-x64-gnu-4.52.3.tgz#867222f288a9557487900c7836998123ebbadc9d"
  integrity sha512-s0hybmlHb56mWVZQj8ra9048/WZTPLILKxcvcq+8awSZmyiSUZjjem1AhU3Tf4ZKpYhK4mg36HtHDOe8QJS5PQ==

"@rollup/rollup-win32-x64-msvc@4.52.3":
  version "4.52.3"
  resolved "https://registry.yarnpkg.com/@rollup/rollup-win32-x64-msvc/-/rollup-win32-x64-msvc-4.52.3.tgz#3f55b6e8fe809a7d29959d6bc686cce1804581f0"
  integrity sha512-zGIbEVVXVtauFgl3MRwGWEN36P5ZGenHRMgNw88X5wEhEBpq0XrMEZwOn07+ICrwM17XO5xfMZqh0OldCH5VTA==

"@types/estree@1.0.8":
  version "1.0.8"
  resolved "https://registry.yarnpkg.com/@types/estree/-/estree-1.0.8.tgz#958b91c991b1867ced318bedea0e215ee050726e"
  integrity sha512-dWHzHa2WqEXI/O1E9OjrocMTKJl2mSrEolh1Iomrv6U+JuNwaHXsXx9bLu5gG7BUWFIN0skIQJQ/L1rIex4X6w==

anymatch@~3.1.2:
  version "3.1.3"
  resolved "https://registry.yarnpkg.com/anymatch/-/anymatch-3.1.3.tgz#790c58b19ba1720a84205b57c618d5ad8524973e"
  integrity sha512-KMReFUr0B4t+D+OBkjR3KYqvocp2XaSzO55UcB6mgQMd3KbcE+mWTyvVV7D/zsdEbNnV6acZUutkiHQXvTr1Rw==
  dependencies:
    normalize-path "^3.0.0"
    picomatch "^2.0.4"

binary-extensions@^2.0.0:
  version "2.3.0"
  resolved "https://registry.yarnpkg.com/binary-extensions/-/binary-extensions-2.3.0.tgz#f6e14a97858d327252200242d4ccfe522c445522"
  integrity sha512-Ceh+7ox5qe7LJuLHoY0feh3pHuUDHAcRUeyL2VYghZwfpkNIy/+8Ocg0a3UuSoYzavmylwuLWQOf3hl0jjMMIw==

braces@~3.0.2:
  version "3.0.3"
  resolved "https://registry.yarnpkg.com/braces/-/braces-3.0.3.tgz#490332f40919452272d55a8480adc0c441358789"
  integrity sha512-yQbXgO/OSZVD2IsiLlro+7Hf6Q18EJrKSEsdoMzKePKXct3gvD8oLcOQdIzGupr5Fj+EDe8gO/lxc1BzfMpxvA==
  dependencies:
    fill-range "^7.1.1"

"chokidar@>=3.0.0 <4.0.0":
  version "3.6.0"
  resolved "https://registry.yarnpkg.com/chokidar/-/chokidar-3.6.0.tgz#197c6cc669ef2a8dc5e7b4d97ee4e092c3eb0d5b"
  integrity sha512-7VT13fmjotKpGipCW9JEQAusEPE+Ei8nl6/g4FBAmIm0GOOLMua9NDDo/DWp0ZAxCr3cPq5ZpBqmPAQgDda2Pw==
  dependencies:
    anymatch "~3.1.2"
    braces "~3.0.2"
    glob-parent "~5.1.2"
    is-binary-path "~2.1.0"
    is-glob "~4.0.1"
    normalize-path "~3.0.0"
    readdirp "~3.6.0"
  optionalDependencies:
    fsevents "~2.3.2"

esbuild@^0.19.3:
  version "0.19.12"
  resolved "https://registry.yarnpkg.com/esbuild/-/esbuild-0.19.12.tgz#dc82ee5dc79e82f5a5c3b4323a2a641827db3e04"
  integrity sha512-aARqgq8roFBj054KvQr5f1sFu0D65G+miZRCuJyJ0G13Zwx7vRar5Zhn2tkQNzIXcBrNVsv/8stehpj+GAjgbg==
  optionalDependencies:
    "@esbuild/aix-ppc64" "0.19.12"
    "@esbuild/android-arm" "0.19.12"
    "@esbuild/android-arm64" "0.19.12"
    "@esbuild/android-x64" "0.19.12"
    "@esbuild/darwin-arm64" "0.19.12"
    "@esbuild/darwin-x64" "0.19.12"
    "@esbuild/freebsd-arm64" "0.19.12"
    "@esbuild/freebsd-x64" "0.19.12"
    "@esbuild/linux-arm" "0.19.12"
    "@esbuild/linux-arm64" "0.19.12"
    "@esbuild/linux-ia32" "0.19.12"
    "@esbuild/linux-loong64" "0.19.12"
    "@esbuild/linux-mips64el" "0.19.12"
    "@esbuild/linux-ppc64" "0.19.12"
    "@esbuild/linux-riscv64" "0.19.12"
    "@esbuild/linux-s390x" "0.19.12"
    "@esbuild/linux-x64" "0.19.12"
    "@esbuild/netbsd-x64" "0.19.12"
    "@esbuild/openbsd-x64" "0.19.12"
    "@esbuild/sunos-x64" "0.19.12"
    "@esbuild/win32-arm64" "0.19.12"
    "@esbuild/win32-ia32" "0.19.12"
    "@esbuild/win32-x64" "0.19.12"

fill-range@^7.1.1:
  version "7.1.1"
  resolved "https://registry.yarnpkg.com/fill-range/-/fill-range-7.1.1.tgz#44265d3cac07e3ea7dc247516380643754a05292"
  integrity sha512-YsGpe3WHLK8ZYi4tWDg2Jy3ebRz2rXowDxnld4bkQB00cc/1Zw9AWnC0i9ztDJitivtQvaI9KaLyKrc+hBW0yg==
  dependencies:
    to-regex-range "^5.0.1"

framer-motion@^12.23.24:
  version "12.23.24"
  resolved "https://registry.yarnpkg.com/framer-motion/-/framer-motion-12.23.24.tgz#4895b67e880bd2b1089e61fbaa32ae802fc24b8c"
  integrity sha512-HMi5HRoRCTou+3fb3h9oTLyJGBxHfW+HnNE25tAXOvVx/IvwMHK0cx7IR4a2ZU6sh3IX1Z+4ts32PcYBOqka8w==
  dependencies:
    motion-dom "^12.23.23"
    motion-utils "^12.23.6"
    tslib "^2.4.0"

fsevents@~2.3.2, fsevents@~2.3.3:
  version "2.3.3"
  resolved "https://registry.yarnpkg.com/fsevents/-/fsevents-2.3.3.tgz#cac6407785d03675a2a5e1a5305c697b347d90d6"
  integrity sha512-5xoDfX+fL7faATnagmWPpbFtwh/R77WmMMqqHGS65C3vvB0YHrgF+B1YmZ3441tMj5n63k0212XNoJwzlhffQw==

glightbox@^3.0.9:
  version "3.3.1"
  resolved "https://registry.yarnpkg.com/glightbox/-/glightbox-3.3.1.tgz#01d4c01394e437ac61792dc88fadca2e3f433eae"
  integrity sha512-nXoKfJRnQTDaAFAw5799hjpfAAHx5aLvOLG0SIGudeMCwtHgO3P2/avNYapJ+SL4UEZxO2YNBPtq6pzMhSx42g==

glob-parent@~5.1.2:
  version "5.1.2"
  resolved "https://registry.yarnpkg.com/glob-parent/-/glob-parent-5.1.2.tgz#869832c58034fe68a4093c17dc15e8340d8401c4"
  integrity sha512-AOIgSQCepiJYwP3ARnGx+5VnTu2HBYdzbGP45eLw1vr3zB3vZLeyed1sC9hnbcOc9/SrMyM5RPQrkGz4aS9Zow==
  dependencies:
    is-glob "^4.0.1"

immutable@^4.0.0:
  version "4.3.7"
  resolved "https://registry.yarnpkg.com/immutable/-/immutable-4.3.7.tgz#c70145fc90d89fb02021e65c84eb0226e4e5a381"
  integrity sha512-1hqclzwYwjRDFLjcFxOM5AYkkG0rpFPpr1RLPMEuGczoS7YA8gLhy8SWXYRAA/XwfEHpfo3cw5JGioS32fnMRw==

include-media@^1.4.10:
  version "1.4.10"
  resolved "https://registry.yarnpkg.com/include-media/-/include-media-1.4.10.tgz#7a311c92c396c808504ec6a5365115d30571f259"
  integrity sha512-TymQzKF7oWHbItEcEHOCponZ90lRr1I9QbYeD+qCxXy4Z0/pSpS4Ocz2bq3FMOERlXXrY9Sawsh9GjiObVQA6A==

is-binary-path@~2.1.0:
  version "2.1.0"
  resolved "https://registry.yarnpkg.com/is-binary-path/-/is-binary-path-2.1.0.tgz#ea1f7f3b80f064236e83470f86c09c254fb45b09"
  integrity sha512-ZMERYes6pDydyuGidse7OsHxtbI7WVeUEozgR/g7rd0xUimYNlvZRE/K2MgZTjWy725IfelLeVcEM97mmtRGXw==
  dependencies:
    binary-extensions "^2.0.0"

is-extglob@^2.1.1:
  version "2.1.1"
  resolved "https://registry.yarnpkg.com/is-extglob/-/is-extglob-2.1.1.tgz#a88c02535791f02ed37c76a1b9ea9773c833f8c2"
  integrity sha512-SbKbANkN603Vi4jEZv49LeVJMn4yGwsbzZworEoyEiutsN3nJYdbO36zfhGJ6QEDpOZIFkDtnq5JRxmvl3jsoQ==

is-glob@^4.0.1, is-glob@~4.0.1:
  version "4.0.3"
  resolved "https://registry.yarnpkg.com/is-glob/-/is-glob-4.0.3.tgz#64f61e42cbbb2eec2071a9dac0b28ba1e65d5084"
  integrity sha512-xelSayHH36ZgE7ZWhli7pW34hNbNl8Ojv5KVmkJD4hBdD3th8Tfk9vYasLM+mXWOZhFkgZfxhLSnrwRr4elSSg==
  dependencies:
    is-extglob "^2.1.1"

is-number@^7.0.0:
  version "7.0.0"
  resolved "https://registry.yarnpkg.com/is-number/-/is-number-7.0.0.tgz#7535345b896734d5f80c4d06c50955527a14f12b"
  integrity sha512-41Cifkg6e8TylSpdtTpeLVMqvSBEVzTttHvERD741+pnZ8ANv0004MRL43QKPDlK9cGvNp6NZWZUBlbGXYxxng==

motion-dom@^12.23.23:
  version "12.23.23"
  resolved "https://registry.yarnpkg.com/motion-dom/-/motion-dom-12.23.23.tgz#8f874333ea1a04ee3a89eb928f518b463d589e0e"
  integrity sha512-n5yolOs0TQQBRUFImrRfs/+6X4p3Q4n1dUEqt/H58Vx7OW6RF+foWEgmTVDhIWJIMXOuNNL0apKH2S16en9eiA==
  dependencies:
    motion-utils "^12.23.6"

motion-utils@^12.23.6:
  version "12.23.6"
  resolved "https://registry.yarnpkg.com/motion-utils/-/motion-utils-12.23.6.tgz#fafef80b4ea85122dd0d6c599a0c63d72881f312"
  integrity sha512-eAWoPgr4eFEOFfg2WjIsMoqJTW6Z8MTUCgn/GZ3VRpClWBdnbjryiA3ZSNLyxCTmCQx4RmYX6jX1iWHbenUPNQ==

motion@^12.23.24:
  version "12.23.24"
  resolved "https://registry.yarnpkg.com/motion/-/motion-12.23.24.tgz#39d8f79507b1b89dbcb3c14741749a459ea88be6"
  integrity sha512-Rc5E7oe2YZ72N//S3QXGzbnXgqNrTESv8KKxABR20q2FLch9gHLo0JLyYo2hZ238bZ9Gx6cWhj9VO0IgwbMjCw==
  dependencies:
    framer-motion "^12.23.24"
    tslib "^2.4.0"

nanoid@^3.3.11:
  version "3.3.11"
  resolved "https://registry.yarnpkg.com/nanoid/-/nanoid-3.3.11.tgz#4f4f112cefbe303202f2199838128936266d185b"
  integrity sha512-N8SpfPUnUp1bK+PMYW8qSWdl9U+wwNWI4QKxOYDy9JAro3WMX7p2OeVRF9v+347pnakNevPmiHhNmZ2HbFA76w==

normalize-path@^3.0.0, normalize-path@~3.0.0:
  version "3.0.0"
  resolved "https://registry.yarnpkg.com/normalize-path/-/normalize-path-3.0.0.tgz#0dcd69ff23a1c9b11fd0978316644a0388216a65"
  integrity sha512-6eZs5Ls3WtCisHWp9S2GUy8dqkpGi4BVSz3GaqiE6ezub0512ESztXUwUB6C6IKbQkY2Pnb/mD4WYojCRwcwLA==

picocolors@^1.1.1:
  version "1.1.1"
  resolved "https://registry.yarnpkg.com/picocolors/-/picocolors-1.1.1.tgz#3d321af3eab939b083c8f929a1d12cda81c26b6b"
  integrity sha512-xceH2snhtb5M9liqDsmEw56le376mTZkEX/jEb/RxNFyegNul7eNslCXP9FDj/Lcu0X8KEyMceP2ntpaHrDEVA==

picomatch@^2.0.4, picomatch@^2.2.1:
  version "2.3.1"
  resolved "https://registry.yarnpkg.com/picomatch/-/picomatch-2.3.1.tgz#3ba3833733646d9d3e4995946c1365a67fb07a42"
  integrity sha512-JU3teHTNjmE2VCGFzuY8EXzCDVwEqB2a8fsIvwaStHhAWJEeVd1o1QD80CU6+ZdEXXSLbSsuLwJjkCBWqRQUVA==

postcss@^8.4.32:
  version "8.5.6"
  resolved "https://registry.yarnpkg.com/postcss/-/postcss-8.5.6.tgz#2825006615a619b4f62a9e7426cc120b349a8f3c"
  integrity sha512-3Ybi1tAuwAP9s0r1UQ2J4n5Y0G05bJkpUIO0/bI9MhwmD70S5aTWbXGBwxHrelT+XM1k6dM0pk+SwNkpTRN7Pg==
  dependencies:
    nanoid "^3.3.11"
    picocolors "^1.1.1"
    source-map-js "^1.2.1"

readdirp@~3.6.0:
  version "3.6.0"
  resolved "https://registry.yarnpkg.com/readdirp/-/readdirp-3.6.0.tgz#74a370bd857116e245b29cc97340cd431a02a6c7"
  integrity sha512-hOS089on8RduqdbhvQ5Z37A0ESjsqz6qnRcffsMU3495FuTdqSm+7bhJ29JvIOsBDEEnan5DPu9t3To9VRlMzA==
  dependencies:
    picomatch "^2.2.1"

rollup@^4.2.0:
  version "4.52.3"
  resolved "https://registry.yarnpkg.com/rollup/-/rollup-4.52.3.tgz#cc5c28d772b022ce48b235a97b347ccd9d88c1a3"
  integrity sha512-RIDh866U8agLgiIcdpB+COKnlCreHJLfIhWC3LVflku5YHfpnsIKigRZeFfMfCc4dVcqNVfQQ5gO/afOck064A==
  dependencies:
    "@types/estree" "1.0.8"
  optionalDependencies:
    "@rollup/rollup-android-arm-eabi" "4.52.3"
    "@rollup/rollup-android-arm64" "4.52.3"
    "@rollup/rollup-darwin-arm64" "4.52.3"
    "@rollup/rollup-darwin-x64" "4.52.3"
    "@rollup/rollup-freebsd-arm64" "4.52.3"
    "@rollup/rollup-freebsd-x64" "4.52.3"
    "@rollup/rollup-linux-arm-gnueabihf" "4.52.3"
    "@rollup/rollup-linux-arm-musleabihf" "4.52.3"
    "@rollup/rollup-linux-arm64-gnu" "4.52.3"
    "@rollup/rollup-linux-arm64-musl" "4.52.3"
    "@rollup/rollup-linux-loong64-gnu" "4.52.3"
    "@rollup/rollup-linux-ppc64-gnu" "4.52.3"
    "@rollup/rollup-linux-riscv64-gnu" "4.52.3"
    "@rollup/rollup-linux-riscv64-musl" "4.52.3"
    "@rollup/rollup-linux-s390x-gnu" "4.52.3"
    "@rollup/rollup-linux-x64-gnu" "4.52.3"
    "@rollup/rollup-linux-x64-musl" "4.52.3"
    "@rollup/rollup-openharmony-arm64" "4.52.3"
    "@rollup/rollup-win32-arm64-msvc" "4.52.3"
    "@rollup/rollup-win32-ia32-msvc" "4.52.3"
    "@rollup/rollup-win32-x64-gnu" "4.52.3"
    "@rollup/rollup-win32-x64-msvc" "4.52.3"
    fsevents "~2.3.2"

sass@~1.69.6:
  version "1.69.7"
  resolved "https://registry.yarnpkg.com/sass/-/sass-1.69.7.tgz#6e7e1c8f51e8162faec3e9619babc7da780af3b7"
  integrity sha512-rzj2soDeZ8wtE2egyLXgOOHQvaC2iosZrkF6v3EUG+tBwEvhqUCzm0VP3k9gHF9LXbSrRhT5SksoI56Iw8NPnQ==
  dependencies:
    chokidar ">=3.0.0 <4.0.0"
    immutable "^4.0.0"
    source-map-js ">=0.6.2 <2.0.0"

"source-map-js@>=0.6.2 <2.0.0", source-map-js@^1.2.1:
  version "1.2.1"
  resolved "https://registry.yarnpkg.com/source-map-js/-/source-map-js-1.2.1.tgz#1ce5650fddd87abc099eda37dcff024c2667ae46"
  integrity sha512-UXWMKhLOwVKb728IUtQPXxfYU+usdybtUrK/8uGE8CQMvrhOpwvzDBwj0QhSL7MQc7vIsISBG8VQ8+IDQxpfQA==

ssr-window@^4.0.2:
  version "4.0.2"
  resolved "https://registry.yarnpkg.com/ssr-window/-/ssr-window-4.0.2.tgz#dc6b3ee37be86ac0e3ddc60030f7b3bc9b8553be"
  integrity sha512-ISv/Ch+ig7SOtw7G2+qkwfVASzazUnvlDTwypdLoPoySv+6MqlOV10VwPSE6EWkGjhW50lUmghPmpYZXMu/+AQ==

swiper@^9.0.4:
  version "9.4.1"
  resolved "https://registry.yarnpkg.com/swiper/-/swiper-9.4.1.tgz#2f48bcd6ab4b4fcf4ae93eaee53980531d42fd42"
  integrity sha512-1nT2T8EzUpZ0FagEqaN/YAhRj33F2x/lN6cyB0/xoYJDMf8KwTFT3hMOeoB8Tg4o3+P/CKqskP+WX0Df046fqA==
  dependencies:
    ssr-window "^4.0.2"

to-regex-range@^5.0.1:
  version "5.0.1"
  resolved "https://registry.yarnpkg.com/to-regex-range/-/to-regex-range-5.0.1.tgz#1648c44aae7c8d988a326018ed72f5b4dd0392e4"
  integrity sha512-65P7iz6X5yEr1cwcgvQxbbIw7Uk3gOy5dIdtZ4rDveLqhrdJP+Li/Hx6tyK0NEb+2GCyneCMJiGqrADCSNk8sQ==
  dependencies:
    is-number "^7.0.0"

tslib@^2.4.0:
  version "2.8.1"
  resolved "https://registry.yarnpkg.com/tslib/-/tslib-2.8.1.tgz#612efe4ed235d567e8aba5f2a5fab70280ade83f"
  integrity sha512-oJFu94HQb+KVduSUQL7wnpmqnfmLsOA/nAh6b6EH0wCEoK0/mPeXU6c3wKDV83MkOuHPRHtSXKKU99IBazS/2w==

vite@~5.0.8:
  version "5.0.13"
  resolved "https://registry.yarnpkg.com/vite/-/vite-5.0.13.tgz#605865b0e482506163e3f04f91665238f3be8cf1"
  integrity sha512-/9ovhv2M2dGTuA+dY93B9trfyWMDRQw2jdVBhHNP6wr0oF34wG2i/N55801iZIpgUpnHDm4F/FabGQLyc+eOgg==
  dependencies:
    esbuild "^0.19.3"
    postcss "^8.4.32"
    rollup "^4.2.0"
  optionalDependencies:
    fsevents "~2.3.3"
